
Microsoft Visual Studio Solution File, Format Version 12.00
# Visual Studio Version 16
VisualStudioVersion = 16.0.28803.202
MinimumVisualStudioVersion = 10.0.40219.1
Project("{FAE04EC0-301F-11D3-BF4B-00C04F79EFBC}") = "OoBootCamp", "OoBootCamp.csproj", "{31EBAF01-DBAA-4496-A9E3-ABA60143628F}"
EndProject
Project("{FAE04EC0-301F-11D3-BF4B-00C04F79EFBC}") = "OoBootCamp.Tests", "..\OoBootCamp.Tests\OoBootCamp.Tests.csproj", "{8E814807-13F9-4931-AD0F-D64EBC2F9C84}"
EndProject
Global
	GlobalSection(SolutionConfigurationPlatforms) = preSolution
		Debug|Any CPU = Debug|Any CPU
		Release|Any CPU = Release|Any CPU
	EndGlobalSection
	GlobalSection(ProjectConfigurationPlatforms) = postSolution
		{31EBAF01-DBAA-4496-A9E3-ABA60143628F}.Debug|Any CPU.ActiveCfg = Debug|Any CPU
		{31EBAF01-DBAA-4496-A9E3-ABA60143628F}.Debug|Any CPU.Build.0 = Debug|Any CPU
		{31EBAF01-DBAA-4496-A9E3-ABA60143628F}.Release|Any CPU.ActiveCfg = Release|Any CPU
		{31EBAF01-DBAA-4496-A9E3-ABA60143628F}.Release|Any CPU.Build.0 = Release|Any CPU
		{8E814807-13F9-4931-AD0F-D64EBC2F9C84}.Debug|Any CPU.ActiveCfg = Debug|Any CPU
		{8E814807-13F9-4931-AD0F-D64EBC2F9C84}.Debug|Any CPU.Build.0 = Debug|Any CPU
		{8E814807-13F9-4931-AD0F-D64EBC2F9C84}.Release|Any CPU.ActiveCfg = Release|Any CPU
		{8E814807-13F9-4931-AD0F-D64EBC2F9C84}.Release|Any CPU.Build.0 = Release|Any CPU
	EndGlobalSection
	GlobalSection(SolutionProperties) = preSolution
		HideSolutionNode = FALSE
	EndGlobalSection
	GlobalSection(ExtensibilityGlobals) = postSolution
		SolutionGuid = {438462D7-5070-4919-ABEA-DDBD05BEC517}
	EndGlobalSection
EndGlobal
